<?xml version="1.0" encoding="utf-8"?>
<Project ToolsVersion="4.0" xmlns="http://schemas.microsoft.com/developer/msbuild/2003">
  <ItemGroup>
    <Filter Include="Source Files">
      <UniqueIdentifier>{4FC737F1-C7A5-4376-A066-2A32D752A2FF}</UniqueIdentifier>
      <Extensions>cpp;c;cc;cxx;def;odl;idl;hpj;bat;asm;asmx</Extensions>
    </Filter>
    <Filter Include="Header Files">
      <UniqueIdentifier>{93995380-89BD-4b04-88EB-625FBE52EBFB}</UniqueIdentifier>
      <Extensions>h;hpp;hxx;hm;inl;inc;xsd</Extensions>
    </Filter>
    <Filter Include="Resource Files">
      <UniqueIdentifier>{67DA6AB6-F800-4c08-8B7A-83BB121AAD01}</UniqueIdentifier>
      <Extensions>rc;ico;cur;bmp;dlg;rc2;rct;bin;rgs;gif;jpg;jpeg;jpe;resx;tiff;tif;png;wav;mfcribbon-ms</Extensions>
    </Filter>
    <Filter Include="Header Files\Common">
      <UniqueIdentifier>{adf34013-7d72-4984-93b6-99a80c4c3ebe}</UniqueIdentifier>
    </Filter>
    <Filter Include="Header Files\Concept">
      <UniqueIdentifier>{9e2cdfdd-ac64-461a-aff6-3e9bf4c34ac7}</UniqueIdentifier>
    </Filter>
    <Filter Include="Header Files\GameEngine">
      <UniqueIdentifier>{eb885f0d-5827-4a90-95a9-c1c70f1d808c}</UniqueIdentifier>
    </Filter>
    <Filter Include="Source Files\Concept">
      <UniqueIdentifier>{1b3243a4-d58e-478d-8e84-bdbe3491957a}</UniqueIdentifier>
    </Filter>
    <Filter Include="Source Files\GameEngine">
      <UniqueIdentifier>{fc25a199-783d-43bd-a911-c963af4a7c59}</UniqueIdentifier>
    </Filter>
    <Filter Include="Source Files\Common">
      <UniqueIdentifier>{03f63632-14a5-4099-867b-e685e47d98a8}</UniqueIdentifier>
    </Filter>
    <Filter Include="Source Files\Core">
      <UniqueIdentifier>{d6889952-4fae-4175-bad2-d79d78de6f23}</UniqueIdentifier>
    </Filter>
    <Filter Include="Source Files\Object">
      <UniqueIdentifier>{e549efb8-6f15-448b-b36a-7fba41475919}</UniqueIdentifier>
    </Filter>
    <Filter Include="Source Files\GUI">
      <UniqueIdentifier>{1c147b65-a25c-4a08-8659-d4a008ff975b}</UniqueIdentifier>
    </Filter>
    <Filter Include="Header Files\GUI">
      <UniqueIdentifier>{10028193-6ea0-4d5d-b145-778dc6408b0f}</UniqueIdentifier>
    </Filter>
    <Filter Include="Source Files\World">
      <UniqueIdentifier>{1c2a6f44-7a19-40a1-a857-d14e3d3df0c3}</UniqueIdentifier>
    </Filter>
    <Filter Include="Header Files\Network">
      <UniqueIdentifier>{e106dea8-ca4e-462b-bca8-a112edfd2b6f}</UniqueIdentifier>
    </Filter>
    <Filter Include="Source Files\Network">
      <UniqueIdentifier>{94a7a759-0c3e-4052-a11d-400bd74e4cb7}</UniqueIdentifier>
    </Filter>
    <Filter Include="Source Files\Input">
      <UniqueIdentifier>{b8c16099-c81a-4c0a-890c-dec1c6f660de}</UniqueIdentifier>
    </Filter>
    <Filter Include="Header Files\Input">
      <UniqueIdentifier>{6d24c7a2-3cec-4b5a-a21e-af06f47af548}</UniqueIdentifier>
    </Filter>
    <Filter Include="Source Files\Video">
      <UniqueIdentifier>{44a1c13d-6282-4358-a90b-14f042603118}</UniqueIdentifier>
    </Filter>
    <Filter Include="Header Files\Video">
      <UniqueIdentifier>{a5ab7b9b-c893-4877-a109-e22921a0a5cd}</UniqueIdentifier>
    </Filter>
    <Filter Include="Header Files\IO">
      <UniqueIdentifier>{e361632a-bda9-4d9e-b09a-99ed2a7aeb15}</UniqueIdentifier>
    </Filter>
    <Filter Include="Source Files\IO">
      <UniqueIdentifier>{aadf239d-325f-45f9-9db9-b3b4737b5ce4}</UniqueIdentifier>
    </Filter>
    <Filter Include="Header Files\World">
      <UniqueIdentifier>{9af2cdff-503e-482f-bf19-8a09d830008b}</UniqueIdentifier>
    </Filter>
    <Filter Include="Header Files\IA">
      <UniqueIdentifier>{f82ff92a-92d6-49ca-bf95-d27f1339d626}</UniqueIdentifier>
    </Filter>
    <Filter Include="Source Files\IA">
      <UniqueIdentifier>{e254ba3a-6137-4ad0-b19e-0032f21ab5c2}</UniqueIdentifier>
    </Filter>
    <Filter Include="Header Files\Game">
      <UniqueIdentifier>{6f6d67d2-ea3a-4921-b96a-50058f640e6b}</UniqueIdentifier>
    </Filter>
    <Filter Include="Source Files\Game">
      <UniqueIdentifier>{b85877ad-4f1a-4773-afb8-7f0c70dffe5c}</UniqueIdentifier>
    </Filter>
    <Filter Include="Header Files\Sound">
      <UniqueIdentifier>{eca6f4ce-de08-462d-957f-2d5401010560}</UniqueIdentifier>
    </Filter>
    <Filter Include="Source Files\Sound">
      <UniqueIdentifier>{7bbe107a-1383-4568-b880-b0f675c22fcb}</UniqueIdentifier>
    </Filter>
    <Filter Include="Header Files\Core">
      <UniqueIdentifier>{5b5b613f-c8af-4fe5-96d2-a4735f30b3cd}</UniqueIdentifier>
    </Filter>
    <Filter Include="Header Files\Object">
      <UniqueIdentifier>{897b8dec-da10-4e07-af6f-c1712b7b3a2f}</UniqueIdentifier>
    </Filter>
  </ItemGroup>
  <ItemGroup>
    <None Include="readme.txt" />
    <None Include="Makefile" />
    <None Include="FSMMachine.h">
      <Filter>Header Files\IA</Filter>
    </None>
  </ItemGroup>
  <ItemGroup>
    <ClInclude Include="Alloc.h">
      <Filter>Header Files\Common</Filter>
    </ClInclude>
    <ClInclude Include="Common.h">
      <Filter>Header Files\Common</Filter>
    </ClInclude>
    <ClInclude Include="DomainList.h">
      <Filter>Header Files\Common</Filter>
    </ClInclude>
    <ClInclude Include="Singleton.h">
      <Filter>Header Files\Concept</Filter>
    </ClInclude>
    <ClInclude Include="GameEngine.h">
      <Filter>Header Files\GameEngine</Filter>
    </ClInclude>
    <ClInclude Include="stdafx.h">
      <Filter>Header Files</Filter>
    </ClInclude>
    <ClInclude Include="Logger.h">
      <Filter>Header Files\Common</Filter>
    </ClInclude>
    <ClInclude Include="LoggerTypes.h">
      <Filter>Header Files\Common</Filter>
    </ClInclude>
    <ClInclude Include="config.h">
      <Filter>Resource Files</Filter>
    </ClInclude>
    <ClInclude Include="callbacks.h">
      <Filter>Header Files\Common</Filter>
    </ClInclude>
    <ClInclude Include="vram.h">
      <Filter>Header Files\Common</Filter>
    </ClInclude>
    <ClInclude Include="engineTypes.h">
      <Filter>Header Files\Core</Filter>
    </ClInclude>
    <ClInclude Include="engineMath.h">
      <Filter>Header Files\Core</Filter>
    </ClInclude>
    <ClInclude Include="AnimatedMeshMD2.h">
      <Filter>Header Files\Object</Filter>
    </ClInclude>
    <ClInclude Include="AnimatedMesh.h">
      <Filter>Header Files\Object</Filter>
    </ClInclude>
    <ClInclude Include="Mesh.h">
      <Filter>Header Files\Object</Filter>
    </ClInclude>
    <ClInclude Include="StaticMesh.h">
      <Filter>Header Files\Object</Filter>
    </ClInclude>
    <ClInclude Include="StaticMeshOBJ.h">
      <Filter>Header Files\Object</Filter>
    </ClInclude>
    <ClInclude Include="macro.h">
      <Filter>Resource Files</Filter>
    </ClInclude>
    <ClInclude Include="34LettresEngine.h">
      <Filter>Resource Files</Filter>
    </ClInclude>
    <ClInclude Include="ReadBuffer.h">
      <Filter>Header Files\IO</Filter>
    </ClInclude>
    <ClInclude Include="ReadFile.h">
      <Filter>Header Files\IO</Filter>
    </ClInclude>
    <ClInclude Include="engineArray.h">
      <Filter>Header Files\Core</Filter>
    </ClInclude>
    <ClInclude Include="heapsort.h">
      <Filter>Header Files\Core</Filter>
    </ClInclude>
    <ClInclude Include="vector2d.h">
      <Filter>Header Files\Core</Filter>
    </ClInclude>
    <ClInclude Include="vector3d.h">
      <Filter>Header Files\Core</Filter>
    </ClInclude>
    <ClInclude Include="fmathv.h">
      <Filter>Header Files\Core</Filter>
    </ClInclude>
    <ClInclude Include="fast_atof.h">
      <Filter>Header Files\Core</Filter>
    </ClInclude>
    <ClInclude Include="WriteBuffer.h">
      <Filter>Header Files\IO</Filter>
    </ClInclude>
    <ClInclude Include="WriteFile.h">
      <Filter>Header Files\IO</Filter>
    </ClInclude>
    <ClInclude Include="AdhocNetwork.h">
      <Filter>Header Files\Network</Filter>
    </ClInclude>
    <ClInclude Include="ZBadhoc.h">
      <Filter>Header Files\Network</Filter>
    </ClInclude>
    <ClInclude Include="engineString.h">
      <Filter>Header Files\Core</Filter>
    </ClInclude>
    <ClInclude Include="engineXML.h">
      <Filter>Header Files\IO</Filter>
    </ClInclude>
    <ClInclude Include="XMLReaderImpl.h">
      <Filter>Header Files\IO</Filter>
    </ClInclude>
    <ClInclude Include="GUI.h">
      <Filter>Header Files\GUI</Filter>
    </ClInclude>
    <ClInclude Include="Assert.h">
      <Filter>Header Files\Common</Filter>
    </ClInclude>
    <ClInclude Include="MeshBuffer.h">
      <Filter>Header Files\Object</Filter>
    </ClInclude>
    <ClInclude Include="Vertex3D.h">
      <Filter>Header Files\Video</Filter>
    </ClInclude>
    <ClInclude Include="Color.h">
      <Filter>Header Files\Video</Filter>
    </ClInclude>
    <ClInclude Include="Material.h">
      <Filter>Header Files\Video</Filter>
    </ClInclude>
    <ClInclude Include="BoundingBox2D.h">
      <Filter>Header Files\Core</Filter>
    </ClInclude>
    <ClInclude Include="Event.h">
      <Filter>Header Files\GUI</Filter>
    </ClInclude>
    <ClInclude Include="Location.h">
      <Filter>Header Files\GUI</Filter>
    </ClInclude>
    <ClInclude Include="Page.h">
      <Filter>Header Files\GUI</Filter>
    </ClInclude>
    <ClInclude Include="World.h">
      <Filter>Header Files\World</Filter>
    </ClInclude>
    <ClInclude Include="PadEvent.h">
      <Filter>Header Files\Input</Filter>
    </ClInclude>
    <ClInclude Include="EventListener.h">
      <Filter>Header Files\Input</Filter>
    </ClInclude>
    <ClInclude Include="UserInputStateBuffer.h">
      <Filter>Header Files\Input</Filter>
    </ClInclude>
    <ClInclude Include="Renderer.h">
      <Filter>Header Files\Video</Filter>
    </ClInclude>
    <ClInclude Include="Functions.h">
      <Filter>Header Files</Filter>
    </ClInclude>
    <ClInclude Include="InputManagerGUI.h">
      <Filter>Header Files\Input</Filter>
    </ClInclude>
    <ClInclude Include="InputManager.h">
      <Filter>Header Files\Input</Filter>
    </ClInclude>
    <ClInclude Include="GenericVirtualCallback.h">
      <Filter>Header Files\Common</Filter>
    </ClInclude>
    <ClInclude Include="Texture.h">
      <Filter>Header Files\Video</Filter>
    </ClInclude>
    <ClInclude Include="Point2D.h">
      <Filter>Header Files\Core</Filter>
    </ClInclude>
    <ClInclude Include="TextureItem.h">
      <Filter>Header Files\Video</Filter>
    </ClInclude>
    <ClInclude Include="Plugin.h">
      <Filter>Header Files\Concept</Filter>
    </ClInclude>
    <ClInclude Include="FPSCounter.h">
      <Filter>Header Files\Video</Filter>
    </ClInclude>
    <ClInclude Include="Graph.h">
      <Filter>Header Files\Core</Filter>
    </ClInclude>
    <ClInclude Include="Node.h">
      <Filter>Header Files\Core</Filter>
    </ClInclude>
    <ClInclude Include="Globals.h">
      <Filter>Header Files\Input</Filter>
    </ClInclude>
    <ClInclude Include="Camera.h">
      <Filter>Header Files\Video</Filter>
    </ClInclude>
    <ClInclude Include="TaskIA.h">
      <Filter>Header Files\IA</Filter>
    </ClInclude>
    <ClInclude Include="ManagerIA.h">
      <Filter>Header Files\IA</Filter>
    </ClInclude>
    <ClInclude Include="RendererConstants.h">
      <Filter>Header Files\Video</Filter>
    </ClInclude>
    <ClInclude Include="Character.h">
      <Filter>Header Files\Game</Filter>
    </ClInclude>
    <ClInclude Include="CharacterPlayer.h">
      <Filter>Header Files\Game</Filter>
    </ClInclude>
    <ClInclude Include="CharacterIA.h">
      <Filter>Header Files\Game</Filter>
    </ClInclude>
    <ClInclude Include="ManagerItem.h">
      <Filter>Header Files\Game</Filter>
    </ClInclude>
    <ClInclude Include="Item.h">
      <Filter>Header Files\Game</Filter>
    </ClInclude>
    <ClInclude Include="BlockingItem.h">
      <Filter>Header Files\Game</Filter>
    </ClInclude>
    <ClInclude Include="InteractiveItem.h">
      <Filter>Header Files\Game</Filter>
    </ClInclude>
    <ClInclude Include="TrailTagItem.h">
      <Filter>Header Files\Game</Filter>
    </ClInclude>
    <ClInclude Include="WarpZoneItem.h">
      <Filter>Header Files\Game</Filter>
    </ClInclude>
    <ClInclude Include="Game.h">
      <Filter>Header Files\Game</Filter>
    </ClInclude>
    <ClInclude Include="GameConfig.h">
      <Filter>Header Files\Game</Filter>
    </ClInclude>
    <ClInclude Include="GameConstantes.h">
      <Filter>Header Files\Game</Filter>
    </ClInclude>
    <ClInclude Include="InputManagerGame.h">
      <Filter>Header Files\Input</Filter>
    </ClInclude>
    <ClInclude Include="VideoManager.h">
      <Filter>Header Files\Video</Filter>
    </ClInclude>
    <ClInclude Include="MeshResource.h">
      <Filter>Header Files\Object</Filter>
    </ClInclude>
    <ClInclude Include="Map.h">
      <Filter>Header Files\Object</Filter>
    </ClInclude>
    <ClInclude Include="Object.h">
      <Filter>Header Files\Object</Filter>
    </ClInclude>
    <ClInclude Include="InteractiveObject.h">
      <Filter>Header Files\Object</Filter>
    </ClInclude>
    <ClInclude Include="ObjectManager.h">
      <Filter>Header Files\Object</Filter>
    </ClInclude>
    <ClInclude Include="Transform.h">
      <Filter>Header Files\Video</Filter>
    </ClInclude>
    <ClInclude Include="SoundManager.h">
      <Filter>Header Files\Sound</Filter>
    </ClInclude>
    <ClInclude Include="Animation.h">
      <Filter>Header Files\Object</Filter>
    </ClInclude>
    <ClInclude Include="DrawingParameters.h">
      <Filter>Header Files\Video</Filter>
    </ClInclude>
    <ClInclude Include="GuiInGame.h">
      <Filter>Header Files\GUI</Filter>
    </ClInclude>
    <ClInclude Include="NetworkData.h">
      <Filter>Header Files\Network</Filter>
    </ClInclude>
    <ClInclude Include="FSMState.h">
      <Filter>Header Files\IA</Filter>
    </ClInclude>
    <ClInclude Include="FSMCondition.h">
      <Filter>Header Files\IA</Filter>
    </ClInclude>
    <ClInclude Include="Geometry.h">
      <Filter>Header Files\Video</Filter>
    </ClInclude>
    <ClInclude Include="Light.h">
      <Filter>Header Files\Video</Filter>
    </ClInclude>
    <ClInclude Include="LightManager.h">
      <Filter>Header Files\Video</Filter>
    </ClInclude>
    <ClInclude Include="intraFont.h">
      <Filter>Header Files\Common</Filter>
    </ClInclude>
    <ClInclude Include="libccc.h">
      <Filter>Header Files\Common</Filter>
    </ClInclude>
    <ClInclude Include="GameRulesApplicator.h">
      <Filter>Header Files\Game</Filter>
    </ClInclude>
    <ClInclude Include="IOEnum.h">
      <Filter>Header Files\IO</Filter>
    </ClInclude>
    <ClInclude Include="SimpleItem.h">
      <Filter>Header Files\Game</Filter>
    </ClInclude>
  </ItemGroup>
  <ItemGroup>
    <ClCompile Include="Alloc.cpp">
      <Filter>Source Files\Common</Filter>
    </ClCompile>
    <ClCompile Include="Common.cpp">
      <Filter>Source Files\Common</Filter>
    </ClCompile>
    <ClCompile Include="Globals.cpp">
      <Filter>Source Files\Common</Filter>
    </ClCompile>
    <ClCompile Include="Singleton.cpp">
      <Filter>Source Files\Concept</Filter>
    </ClCompile>
    <ClCompile Include="GameEngine.cpp">
      <Filter>Source Files\GameEngine</Filter>
    </ClCompile>
    <ClCompile Include="main.cpp">
      <Filter>Source Files</Filter>
    </ClCompile>
    <ClCompile Include="Logger.cpp">
      <Filter>Source Files\Common</Filter>
    </ClCompile>
    <ClCompile Include="vram.cpp">
      <Filter>Source Files\Common</Filter>
    </ClCompile>
    <ClCompile Include="callbacks.cpp">
      <Filter>Source Files\Common</Filter>
    </ClCompile>
    <ClCompile Include="AnimatedMeshMD2.cpp">
      <Filter>Source Files\Object</Filter>
    </ClCompile>
    <ClCompile Include="StaticMeshOBJ.cpp">
      <Filter>Source Files\Object</Filter>
    </ClCompile>
    <ClCompile Include="ReadFile.cpp">
      <Filter>Source Files\IO</Filter>
    </ClCompile>
    <ClCompile Include="WriteFile.cpp">
      <Filter>Source Files\IO</Filter>
    </ClCompile>
    <ClCompile Include="AdhocNetwork.cpp">
      <Filter>Source Files\Network</Filter>
    </ClCompile>
    <ClCompile Include="ZBadhoc.cpp">
      <Filter>Source Files\Network</Filter>
    </ClCompile>
    <ClCompile Include="engineXML.cpp">
      <Filter>Source Files\IO</Filter>
    </ClCompile>
    <ClCompile Include="fast_atof.cpp">
      <Filter>Source Files\Core</Filter>
    </ClCompile>
    <ClCompile Include="GUI.cpp">
      <Filter>Source Files\GUI</Filter>
    </ClCompile>
    <ClCompile Include="MeshBuffer.cpp">
      <Filter>Source Files\Object</Filter>
    </ClCompile>
    <ClCompile Include="Location.cpp">
      <Filter>Source Files\GUI</Filter>
    </ClCompile>
    <ClCompile Include="Page.cpp">
      <Filter>Source Files\GUI</Filter>
    </ClCompile>
    <ClCompile Include="Event.cpp">
      <Filter>Source Files\GUI</Filter>
    </ClCompile>
    <ClCompile Include="World.cpp">
      <Filter>Source Files\World</Filter>
    </ClCompile>
    <ClCompile Include="PadEvent.cpp">
      <Filter>Source Files\Input</Filter>
    </ClCompile>
    <ClCompile Include="EventListener.cpp">
      <Filter>Source Files\Input</Filter>
    </ClCompile>
    <ClCompile Include="UserInputStateBuffer.cpp">
      <Filter>Source Files\Input</Filter>
    </ClCompile>
    <ClCompile Include="Renderer.cpp">
      <Filter>Source Files\Video</Filter>
    </ClCompile>
    <ClCompile Include="InputManagerGUI.cpp">
      <Filter>Source Files\Input</Filter>
    </ClCompile>
    <ClCompile Include="TextureItem.cpp">
      <Filter>Source Files\Video</Filter>
    </ClCompile>
    <ClCompile Include="All_File_CPP_For_NEW.cpp">
      <Filter>Source Files</Filter>
    </ClCompile>
    <ClCompile Include="GenericVirtualCallback.cpp">
      <Filter>Source Files\Common</Filter>
    </ClCompile>
    <ClCompile Include="Plugin.cpp">
      <Filter>Source Files\Concept</Filter>
    </ClCompile>
    <ClCompile Include="FPSCounter.cpp">
      <Filter>Source Files\Video</Filter>
    </ClCompile>
    <ClCompile Include="Graph.cpp">
      <Filter>Source Files\Core</Filter>
    </ClCompile>
    <ClCompile Include="Node.cpp">
      <Filter>Source Files\Core</Filter>
    </ClCompile>
    <ClCompile Include="Camera.cpp">
      <Filter>Source Files\Video</Filter>
    </ClCompile>
    <ClCompile Include="TaskIA.cpp">
      <Filter>Source Files\IA</Filter>
    </ClCompile>
    <ClCompile Include="ManagerIA.cpp">
      <Filter>Source Files\IA</Filter>
    </ClCompile>
    <ClCompile Include="Character.cpp">
      <Filter>Source Files\Game</Filter>
    </ClCompile>
    <ClCompile Include="CharacterPlayer.cpp">
      <Filter>Source Files\Game</Filter>
    </ClCompile>
    <ClCompile Include="CharacterIA.cpp">
      <Filter>Source Files\Game</Filter>
    </ClCompile>
    <ClCompile Include="ManagerItem.cpp">
      <Filter>Source Files\Game</Filter>
    </ClCompile>
    <ClCompile Include="Item.cpp">
      <Filter>Source Files\Game</Filter>
    </ClCompile>
    <ClCompile Include="InteractiveItem.cpp">
      <Filter>Source Files\Game</Filter>
    </ClCompile>
    <ClCompile Include="BlockingItem.cpp">
      <Filter>Source Files\Game</Filter>
    </ClCompile>
    <ClCompile Include="SimpleItem.cpp">
      <Filter>Source Files\Game</Filter>
    </ClCompile>
    <ClCompile Include="TrailTagItem.cpp">
      <Filter>Source Files\Game</Filter>
    </ClCompile>
    <ClCompile Include="Game.cpp">
      <Filter>Source Files\Game</Filter>
    </ClCompile>
    <ClCompile Include="InputManagerGame.cpp">
      <Filter>Source Files\Input</Filter>
    </ClCompile>
    <ClCompile Include="VideoManager.cpp">
      <Filter>Source Files\Video</Filter>
    </ClCompile>
    <ClCompile Include="MeshResource.cpp">
      <Filter>Source Files\Object</Filter>
    </ClCompile>
    <ClCompile Include="Map.cpp">
      <Filter>Source Files\Object</Filter>
    </ClCompile>
    <ClCompile Include="Object.cpp">
      <Filter>Source Files\Object</Filter>
    </ClCompile>
    <ClCompile Include="InteractiveObject.cpp">
      <Filter>Source Files\Object</Filter>
    </ClCompile>
    <ClCompile Include="ObjectManager.cpp">
      <Filter>Source Files\Object</Filter>
    </ClCompile>
    <ClCompile Include="Transform.cpp">
      <Filter>Source Files\Video</Filter>
    </ClCompile>
    <ClCompile Include="SoundManager.cpp">
      <Filter>Source Files\Sound</Filter>
    </ClCompile>
    <ClCompile Include="Animation.cpp">
      <Filter>Source Files\Object</Filter>
    </ClCompile>
    <ClCompile Include="GuiInGame.cpp">
      <Filter>Source Files\GUI</Filter>
    </ClCompile>
    <ClCompile Include="NetworkData.cpp">
      <Filter>Source Files\Network</Filter>
    </ClCompile>
    <ClCompile Include="FSMMachine.cpp">
      <Filter>Source Files\IA</Filter>
    </ClCompile>
    <ClCompile Include="FSMState.cpp">
      <Filter>Source Files\IA</Filter>
    </ClCompile>
    <ClCompile Include="WarpZoneItem.cpp">
      <Filter>Source Files\Game</Filter>
    </ClCompile>
    <ClCompile Include="Geometry.cpp">
      <Filter>Source Files\Video</Filter>
    </ClCompile>
    <ClCompile Include="Light.cpp">
      <Filter>Source Files\Video</Filter>
    </ClCompile>
    <ClCompile Include="LightManager.cpp">
      <Filter>Source Files\Video</Filter>
    </ClCompile>
    <ClCompile Include="libccc.c">
      <Filter>Source Files\Common</Filter>
    </ClCompile>
    <ClCompile Include="intraFont.c">
      <Filter>Source Files\Common</Filter>
    </ClCompile>
    <ClCompile Include="Functions.cpp">
      <Filter>Source Files</Filter>
    </ClCompile>
    <ClCompile Include="GameRulesApplicator.cpp">
      <Filter>Source Files\Game</Filter>
    </ClCompile>
    <ClCompile Include="BoundingBox2D.cpp">
      <Filter>Source Files\Core</Filter>
    </ClCompile>
  </ItemGroup>
</Project>