
Microsoft Visual Studio Solution File, Format Version 11.00
# Visual Studio 2010
Project("{8BC9CEB8-8B4A-11D0-8D11-00A0C91BC942}") = "Hide-And-Seek_final", "Hide-And-Seek_final\Hide-And-Seek_final.vcxproj", "{61BD4066-F95E-4F8F-B5DA-F5509F4D5D0F}"
EndProject
Project("{8BC9CEB8-8B4A-11D0-8D11-00A0C91BC942}") = "Map_Converter", "Map_Converter\Map_Converter.vcxproj", "{34FCE712-2806-496D-A00C-A8B9E8736AF8}"
	ProjectSection(ProjectDependencies) = postProject
		{61BD4066-F95E-4F8F-B5DA-F5509F4D5D0F} = {61BD4066-F95E-4F8F-B5DA-F5509F4D5D0F}
	EndProjectSection
EndProject
Project("{8BC9CEB8-8B4A-11D0-8D11-00A0C91BC942}") = "LauncherPSP", "LauncherPSP\LauncherPSP.vcxproj", "{6729BDA7-0C18-4162-A211-F7CCA70CCE83}"
	ProjectSection(ProjectDependencies) = postProject
		{61BD4066-F95E-4F8F-B5DA-F5509F4D5D0F} = {61BD4066-F95E-4F8F-B5DA-F5509F4D5D0F}
	EndProjectSection
EndProject
Project("{8BC9CEB8-8B4A-11D0-8D11-00A0C91BC942}") = "CompilePCTester", "CompilePCTester\CompilePCTester.vcxproj", "{1E449026-6237-4367-A0DC-F0DB10CEBAD1}"
EndProject
Project("{8BC9CEB8-8B4A-11D0-8D11-00A0C91BC942}") = "Map_Editor", "Map_Editor\Map_Editor.vcxproj", "{E891D6AF-8713-43C4-A579-89B0968F6BBA}"
EndProject
Project("{8BC9CEB8-8B4A-11D0-8D11-00A0C91BC942}") = "Texture_Converter", "Texture_Converter\Texture_Converter.vcxproj", "{28AC3CDB-8393-4087-A50E-B8384DF17B62}"
EndProject
Project("{8BC9CEB8-8B4A-11D0-8D11-00A0C91BC942}") = "INL_gen", "INL_gen\INL_gen.vcxproj", "{ACDD51AB-CBF9-4F20-9F81-95D223156E04}"
EndProject
Project("{8BC9CEB8-8B4A-11D0-8D11-00A0C91BC942}") = "Mesh_Converter", "Mesh_Converter\Mesh_Converter.vcxproj", "{77CEAABE-20C9-4AE4-A119-B9016821BB87}"
EndProject
Project("{8BC9CEB8-8B4A-11D0-8D11-00A0C91BC942}") = "TestCode", "TestCode\TestCode.vcxproj", "{C8F819A9-C4FD-4390-BB06-EB217CC3D4C0}"
EndProject
Global
	GlobalSection(TestCaseManagementSettings) = postSolution
		CategoryFile = Hide-And-Seek.vsmdi
	EndGlobalSection
	GlobalSection(SolutionConfigurationPlatforms) = preSolution
		Debug|Any CPU = Debug|Any CPU
		Debug|Mixed Platforms = Debug|Mixed Platforms
		Debug|Win32 = Debug|Win32
		Release|Any CPU = Release|Any CPU
		Release|Mixed Platforms = Release|Mixed Platforms
		Release|Win32 = Release|Win32
	EndGlobalSection
	GlobalSection(ProjectConfigurationPlatforms) = postSolution
		{61BD4066-F95E-4F8F-B5DA-F5509F4D5D0F}.Debug|Any CPU.ActiveCfg = Debug|Win32
		{61BD4066-F95E-4F8F-B5DA-F5509F4D5D0F}.Debug|Mixed Platforms.ActiveCfg = Debug|Win32
		{61BD4066-F95E-4F8F-B5DA-F5509F4D5D0F}.Debug|Mixed Platforms.Build.0 = Debug|Win32
		{61BD4066-F95E-4F8F-B5DA-F5509F4D5D0F}.Debug|Win32.ActiveCfg = Debug|Win32
		{61BD4066-F95E-4F8F-B5DA-F5509F4D5D0F}.Debug|Win32.Build.0 = Debug|Win32
		{61BD4066-F95E-4F8F-B5DA-F5509F4D5D0F}.Release|Any CPU.ActiveCfg = Release|Win32
		{61BD4066-F95E-4F8F-B5DA-F5509F4D5D0F}.Release|Mixed Platforms.ActiveCfg = Release|Win32
		{61BD4066-F95E-4F8F-B5DA-F5509F4D5D0F}.Release|Mixed Platforms.Build.0 = Release|Win32
		{61BD4066-F95E-4F8F-B5DA-F5509F4D5D0F}.Release|Win32.ActiveCfg = Release|Win32
		{61BD4066-F95E-4F8F-B5DA-F5509F4D5D0F}.Release|Win32.Build.0 = Release|Win32
		{34FCE712-2806-496D-A00C-A8B9E8736AF8}.Debug|Any CPU.ActiveCfg = Debug|Win32
		{34FCE712-2806-496D-A00C-A8B9E8736AF8}.Debug|Mixed Platforms.ActiveCfg = Debug|Win32
		{34FCE712-2806-496D-A00C-A8B9E8736AF8}.Debug|Mixed Platforms.Build.0 = Debug|Win32
		{34FCE712-2806-496D-A00C-A8B9E8736AF8}.Debug|Win32.ActiveCfg = Debug|Win32
		{34FCE712-2806-496D-A00C-A8B9E8736AF8}.Debug|Win32.Build.0 = Debug|Win32
		{34FCE712-2806-496D-A00C-A8B9E8736AF8}.Release|Any CPU.ActiveCfg = Release|Win32
		{34FCE712-2806-496D-A00C-A8B9E8736AF8}.Release|Mixed Platforms.ActiveCfg = Release|Win32
		{34FCE712-2806-496D-A00C-A8B9E8736AF8}.Release|Mixed Platforms.Build.0 = Release|Win32
		{34FCE712-2806-496D-A00C-A8B9E8736AF8}.Release|Win32.ActiveCfg = Release|Win32
		{34FCE712-2806-496D-A00C-A8B9E8736AF8}.Release|Win32.Build.0 = Release|Win32
		{6729BDA7-0C18-4162-A211-F7CCA70CCE83}.Debug|Any CPU.ActiveCfg = Debug|Win32
		{6729BDA7-0C18-4162-A211-F7CCA70CCE83}.Debug|Mixed Platforms.ActiveCfg = Debug|Win32
		{6729BDA7-0C18-4162-A211-F7CCA70CCE83}.Debug|Mixed Platforms.Build.0 = Debug|Win32
		{6729BDA7-0C18-4162-A211-F7CCA70CCE83}.Debug|Win32.ActiveCfg = Debug|Win32
		{6729BDA7-0C18-4162-A211-F7CCA70CCE83}.Debug|Win32.Build.0 = Debug|Win32
		{6729BDA7-0C18-4162-A211-F7CCA70CCE83}.Release|Any CPU.ActiveCfg = Release|Win32
		{6729BDA7-0C18-4162-A211-F7CCA70CCE83}.Release|Mixed Platforms.ActiveCfg = Release|Win32
		{6729BDA7-0C18-4162-A211-F7CCA70CCE83}.Release|Mixed Platforms.Build.0 = Release|Win32
		{6729BDA7-0C18-4162-A211-F7CCA70CCE83}.Release|Win32.ActiveCfg = Release|Win32
		{6729BDA7-0C18-4162-A211-F7CCA70CCE83}.Release|Win32.Build.0 = Release|Win32
		{1E449026-6237-4367-A0DC-F0DB10CEBAD1}.Debug|Any CPU.ActiveCfg = Debug|Win32
		{1E449026-6237-4367-A0DC-F0DB10CEBAD1}.Debug|Mixed Platforms.ActiveCfg = Debug|Win32
		{1E449026-6237-4367-A0DC-F0DB10CEBAD1}.Debug|Mixed Platforms.Build.0 = Debug|Win32
		{1E449026-6237-4367-A0DC-F0DB10CEBAD1}.Debug|Win32.ActiveCfg = Debug|Win32
		{1E449026-6237-4367-A0DC-F0DB10CEBAD1}.Debug|Win32.Build.0 = Debug|Win32
		{1E449026-6237-4367-A0DC-F0DB10CEBAD1}.Release|Any CPU.ActiveCfg = Release|Win32
		{1E449026-6237-4367-A0DC-F0DB10CEBAD1}.Release|Mixed Platforms.ActiveCfg = Release|Win32
		{1E449026-6237-4367-A0DC-F0DB10CEBAD1}.Release|Mixed Platforms.Build.0 = Release|Win32
		{1E449026-6237-4367-A0DC-F0DB10CEBAD1}.Release|Win32.ActiveCfg = Release|Win32
		{1E449026-6237-4367-A0DC-F0DB10CEBAD1}.Release|Win32.Build.0 = Release|Win32
		{E891D6AF-8713-43C4-A579-89B0968F6BBA}.Debug|Any CPU.ActiveCfg = Debug|Win32
		{E891D6AF-8713-43C4-A579-89B0968F6BBA}.Debug|Mixed Platforms.ActiveCfg = Debug|Win32
		{E891D6AF-8713-43C4-A579-89B0968F6BBA}.Debug|Mixed Platforms.Build.0 = Debug|Win32
		{E891D6AF-8713-43C4-A579-89B0968F6BBA}.Debug|Win32.ActiveCfg = Debug|Win32
		{E891D6AF-8713-43C4-A579-89B0968F6BBA}.Debug|Win32.Build.0 = Debug|Win32
		{E891D6AF-8713-43C4-A579-89B0968F6BBA}.Release|Any CPU.ActiveCfg = Release|Win32
		{E891D6AF-8713-43C4-A579-89B0968F6BBA}.Release|Mixed Platforms.ActiveCfg = Release|Win32
		{E891D6AF-8713-43C4-A579-89B0968F6BBA}.Release|Mixed Platforms.Build.0 = Release|Win32
		{E891D6AF-8713-43C4-A579-89B0968F6BBA}.Release|Win32.ActiveCfg = Release|Win32
		{E891D6AF-8713-43C4-A579-89B0968F6BBA}.Release|Win32.Build.0 = Release|Win32
		{28AC3CDB-8393-4087-A50E-B8384DF17B62}.Debug|Any CPU.ActiveCfg = Debug|Win32
		{28AC3CDB-8393-4087-A50E-B8384DF17B62}.Debug|Mixed Platforms.ActiveCfg = Debug|Win32
		{28AC3CDB-8393-4087-A50E-B8384DF17B62}.Debug|Mixed Platforms.Build.0 = Debug|Win32
		{28AC3CDB-8393-4087-A50E-B8384DF17B62}.Debug|Win32.ActiveCfg = Debug|Win32
		{28AC3CDB-8393-4087-A50E-B8384DF17B62}.Debug|Win32.Build.0 = Debug|Win32
		{28AC3CDB-8393-4087-A50E-B8384DF17B62}.Release|Any CPU.ActiveCfg = Release|Win32
		{28AC3CDB-8393-4087-A50E-B8384DF17B62}.Release|Mixed Platforms.ActiveCfg = Release|Win32
		{28AC3CDB-8393-4087-A50E-B8384DF17B62}.Release|Mixed Platforms.Build.0 = Release|Win32
		{28AC3CDB-8393-4087-A50E-B8384DF17B62}.Release|Win32.ActiveCfg = Release|Win32
		{28AC3CDB-8393-4087-A50E-B8384DF17B62}.Release|Win32.Build.0 = Release|Win32
		{ACDD51AB-CBF9-4F20-9F81-95D223156E04}.Debug|Any CPU.ActiveCfg = Debug|Win32
		{ACDD51AB-CBF9-4F20-9F81-95D223156E04}.Debug|Mixed Platforms.ActiveCfg = Debug|Win32
		{ACDD51AB-CBF9-4F20-9F81-95D223156E04}.Debug|Mixed Platforms.Build.0 = Debug|Win32
		{ACDD51AB-CBF9-4F20-9F81-95D223156E04}.Debug|Win32.ActiveCfg = Debug|Win32
		{ACDD51AB-CBF9-4F20-9F81-95D223156E04}.Debug|Win32.Build.0 = Debug|Win32
		{ACDD51AB-CBF9-4F20-9F81-95D223156E04}.Release|Any CPU.ActiveCfg = Release|Win32
		{ACDD51AB-CBF9-4F20-9F81-95D223156E04}.Release|Mixed Platforms.ActiveCfg = Release|Win32
		{ACDD51AB-CBF9-4F20-9F81-95D223156E04}.Release|Mixed Platforms.Build.0 = Release|Win32
		{ACDD51AB-CBF9-4F20-9F81-95D223156E04}.Release|Win32.ActiveCfg = Release|Win32
		{ACDD51AB-CBF9-4F20-9F81-95D223156E04}.Release|Win32.Build.0 = Release|Win32
		{77CEAABE-20C9-4AE4-A119-B9016821BB87}.Debug|Any CPU.ActiveCfg = Debug|Win32
		{77CEAABE-20C9-4AE4-A119-B9016821BB87}.Debug|Mixed Platforms.ActiveCfg = Debug|Win32
		{77CEAABE-20C9-4AE4-A119-B9016821BB87}.Debug|Mixed Platforms.Build.0 = Debug|Win32
		{77CEAABE-20C9-4AE4-A119-B9016821BB87}.Debug|Win32.ActiveCfg = Debug|Win32
		{77CEAABE-20C9-4AE4-A119-B9016821BB87}.Debug|Win32.Build.0 = Debug|Win32
		{77CEAABE-20C9-4AE4-A119-B9016821BB87}.Release|Any CPU.ActiveCfg = Release|Win32
		{77CEAABE-20C9-4AE4-A119-B9016821BB87}.Release|Mixed Platforms.ActiveCfg = Release|Win32
		{77CEAABE-20C9-4AE4-A119-B9016821BB87}.Release|Mixed Platforms.Build.0 = Release|Win32
		{77CEAABE-20C9-4AE4-A119-B9016821BB87}.Release|Win32.ActiveCfg = Release|Win32
		{77CEAABE-20C9-4AE4-A119-B9016821BB87}.Release|Win32.Build.0 = Release|Win32
		{C8F819A9-C4FD-4390-BB06-EB217CC3D4C0}.Debug|Any CPU.ActiveCfg = Debug|Win32
		{C8F819A9-C4FD-4390-BB06-EB217CC3D4C0}.Debug|Mixed Platforms.ActiveCfg = Debug|Win32
		{C8F819A9-C4FD-4390-BB06-EB217CC3D4C0}.Debug|Mixed Platforms.Build.0 = Debug|Win32
		{C8F819A9-C4FD-4390-BB06-EB217CC3D4C0}.Debug|Win32.ActiveCfg = Debug|Win32
		{C8F819A9-C4FD-4390-BB06-EB217CC3D4C0}.Debug|Win32.Build.0 = Debug|Win32
		{C8F819A9-C4FD-4390-BB06-EB217CC3D4C0}.Release|Any CPU.ActiveCfg = Release|Win32
		{C8F819A9-C4FD-4390-BB06-EB217CC3D4C0}.Release|Mixed Platforms.ActiveCfg = Release|Win32
		{C8F819A9-C4FD-4390-BB06-EB217CC3D4C0}.Release|Mixed Platforms.Build.0 = Release|Win32
		{C8F819A9-C4FD-4390-BB06-EB217CC3D4C0}.Release|Win32.ActiveCfg = Release|Win32
		{C8F819A9-C4FD-4390-BB06-EB217CC3D4C0}.Release|Win32.Build.0 = Release|Win32
	EndGlobalSection
	GlobalSection(SolutionProperties) = preSolution
		HideSolutionNode = FALSE
	EndGlobalSection
	GlobalSection(ExtensibilityGlobals) = postSolution
		BuildVersion_BuildVersioningStyle = None.None.Increment.None
	EndGlobalSection
EndGlobal
